
Microsoft Visual Studio Solution File, Format Version 12.00
# Visual Studio Version 17
VisualStudioVersion = 17.9.34622.214
MinimumVisualStudioVersion = 10.0.40219.1
Project("{FAE04EC0-301F-11D3-BF4B-00C04F79EFBC}") = "test", "test\test.csproj", "{2A500466-FA66-4D13-93B4-1CCB6B895C98}"
EndProject
Global
	GlobalSection(SolutionConfigurationPlatforms) = preSolution
		Debug|Any CPU = Debug|Any CPU
		Release|Any CPU = Release|Any CPU
	EndGlobalSection
	GlobalSection(ProjectConfigurationPlatforms) = postSolution
		{2A500466-FA66-4D13-93B4-1CCB6B895C98}.Debug|Any CPU.ActiveCfg = Debug|Any CPU
		{2A500466-FA66-4D13-93B4-1CCB6B895C98}.Debug|Any CPU.Build.0 = Debug|Any CPU
		{2A500466-FA66-4D13-93B4-1CCB6B895C98}.Release|Any CPU.ActiveCfg = Release|Any CPU
		{2A500466-FA66-4D13-93B4-1CCB6B895C98}.Release|Any CPU.Build.0 = Release|Any CPU
	EndGlobalSection
	GlobalSection(SolutionProperties) = preSolution
		HideSolutionNode = FALSE
	EndGlobalSection
	GlobalSection(ExtensibilityGlobals) = postSolution
		SolutionGuid = {A13D59F9-BB14-4CCD-BB25-4DC74410F592}
	EndGlobalSection
EndGlobal
