
Microsoft Visual Studio Solution File, Format Version 12.00
# Visual Studio Version 17
VisualStudioVersion = 17.9.34622.214
MinimumVisualStudioVersion = 10.0.40219.1
Project("{9A19103F-16F7-4668-BE54-9A1E7A4F7556}") = "01.SeriesCalculator", "01.SeriesCalculator\01.SeriesCalculator.csproj", "{E701B47B-7198-4F32-B2D1-643033E1F484}"
EndProject
Project("{9A19103F-16F7-4668-BE54-9A1E7A4F7556}") = "01.MovieProfit", "01.MovieProfit\01.MovieProfit.csproj", "{F555DF31-3D36-41D0-BB8B-45C149593CDE}"
EndProject
Project("{9A19103F-16F7-4668-BE54-9A1E7A4F7556}") = "02.MovieDay", "02.MovieDay\02.MovieDay.csproj", "{E157B435-7582-496F-B975-F1FF0EFAAF60}"
EndProject
Project("{9A19103F-16F7-4668-BE54-9A1E7A4F7556}") = "03.FilmPremiere", "03.FilmPremiere\03.FilmPremiere.csproj", "{43A2D2BE-76AE-4D40-815D-4EBF3C693D03}"
EndProject
Project("{9A19103F-16F7-4668-BE54-9A1E7A4F7556}") = "03.MovieDestination", "03.MovieDestination\03.MovieDestination.csproj", "{407BA6FD-4A0F-47AB-B8B0-A4EF9F4EC309}"
EndProject
Project("{9A19103F-16F7-4668-BE54-9A1E7A4F7556}") = "04.Cinema", "04.Cinema\04.Cinema.csproj", "{3D69DC27-DD6B-4192-AB5F-794BF7F22B99}"
EndProject
Project("{9A19103F-16F7-4668-BE54-9A1E7A4F7556}") = "04.MovieStars", "04.MovieStars\04.MovieStars.csproj", "{0B59D294-2E41-42BA-BE1E-30B7987551CA}"
EndProject
Project("{9A19103F-16F7-4668-BE54-9A1E7A4F7556}") = "05.Series", "05.Series\05.Series.csproj", "{726AC3E0-3AE4-4B9D-868C-5856717BEAF3}"
EndProject
Project("{9A19103F-16F7-4668-BE54-9A1E7A4F7556}") = "05.Oscars", "05.Oscars\05.Oscars.csproj", "{40CF6FAE-0507-4F2E-BD31-D4211D7F964A}"
EndProject
Project("{FAE04EC0-301F-11D3-BF4B-00C04F79EFBC}") = "06.FavoriteMovie", "06.FavoriteMovie\06.FavoriteMovie.csproj", "{28CE2B7E-3481-480F-93AD-06B5AB410942}"
EndProject
Project("{FAE04EC0-301F-11D3-BF4B-00C04F79EFBC}") = "06.MovieTickets", "06.MovieTickets\06.MovieTickets.csproj", "{AAB411EC-AB91-47B2-9BEB-EC7CA3361678}"
EndProject
Global
	GlobalSection(SolutionConfigurationPlatforms) = preSolution
		Debug|Any CPU = Debug|Any CPU
		Release|Any CPU = Release|Any CPU
	EndGlobalSection
	GlobalSection(ProjectConfigurationPlatforms) = postSolution
		{E701B47B-7198-4F32-B2D1-643033E1F484}.Debug|Any CPU.ActiveCfg = Debug|Any CPU
		{E701B47B-7198-4F32-B2D1-643033E1F484}.Debug|Any CPU.Build.0 = Debug|Any CPU
		{E701B47B-7198-4F32-B2D1-643033E1F484}.Release|Any CPU.ActiveCfg = Release|Any CPU
		{E701B47B-7198-4F32-B2D1-643033E1F484}.Release|Any CPU.Build.0 = Release|Any CPU
		{F555DF31-3D36-41D0-BB8B-45C149593CDE}.Debug|Any CPU.ActiveCfg = Debug|Any CPU
		{F555DF31-3D36-41D0-BB8B-45C149593CDE}.Debug|Any CPU.Build.0 = Debug|Any CPU
		{F555DF31-3D36-41D0-BB8B-45C149593CDE}.Release|Any CPU.ActiveCfg = Release|Any CPU
		{F555DF31-3D36-41D0-BB8B-45C149593CDE}.Release|Any CPU.Build.0 = Release|Any CPU
		{E157B435-7582-496F-B975-F1FF0EFAAF60}.Debug|Any CPU.ActiveCfg = Debug|Any CPU
		{E157B435-7582-496F-B975-F1FF0EFAAF60}.Debug|Any CPU.Build.0 = Debug|Any CPU
		{E157B435-7582-496F-B975-F1FF0EFAAF60}.Release|Any CPU.ActiveCfg = Release|Any CPU
		{E157B435-7582-496F-B975-F1FF0EFAAF60}.Release|Any CPU.Build.0 = Release|Any CPU
		{43A2D2BE-76AE-4D40-815D-4EBF3C693D03}.Debug|Any CPU.ActiveCfg = Debug|Any CPU
		{43A2D2BE-76AE-4D40-815D-4EBF3C693D03}.Debug|Any CPU.Build.0 = Debug|Any CPU
		{43A2D2BE-76AE-4D40-815D-4EBF3C693D03}.Release|Any CPU.ActiveCfg = Release|Any CPU
		{43A2D2BE-76AE-4D40-815D-4EBF3C693D03}.Release|Any CPU.Build.0 = Release|Any CPU
		{407BA6FD-4A0F-47AB-B8B0-A4EF9F4EC309}.Debug|Any CPU.ActiveCfg = Debug|Any CPU
		{407BA6FD-4A0F-47AB-B8B0-A4EF9F4EC309}.Debug|Any CPU.Build.0 = Debug|Any CPU
		{407BA6FD-4A0F-47AB-B8B0-A4EF9F4EC309}.Release|Any CPU.ActiveCfg = Release|Any CPU
		{407BA6FD-4A0F-47AB-B8B0-A4EF9F4EC309}.Release|Any CPU.Build.0 = Release|Any CPU
		{3D69DC27-DD6B-4192-AB5F-794BF7F22B99}.Debug|Any CPU.ActiveCfg = Debug|Any CPU
		{3D69DC27-DD6B-4192-AB5F-794BF7F22B99}.Debug|Any CPU.Build.0 = Debug|Any CPU
		{3D69DC27-DD6B-4192-AB5F-794BF7F22B99}.Release|Any CPU.ActiveCfg = Release|Any CPU
		{3D69DC27-DD6B-4192-AB5F-794BF7F22B99}.Release|Any CPU.Build.0 = Release|Any CPU
		{0B59D294-2E41-42BA-BE1E-30B7987551CA}.Debug|Any CPU.ActiveCfg = Debug|Any CPU
		{0B59D294-2E41-42BA-BE1E-30B7987551CA}.Debug|Any CPU.Build.0 = Debug|Any CPU
		{0B59D294-2E41-42BA-BE1E-30B7987551CA}.Release|Any CPU.ActiveCfg = Release|Any CPU
		{0B59D294-2E41-42BA-BE1E-30B7987551CA}.Release|Any CPU.Build.0 = Release|Any CPU
		{726AC3E0-3AE4-4B9D-868C-5856717BEAF3}.Debug|Any CPU.ActiveCfg = Debug|Any CPU
		{726AC3E0-3AE4-4B9D-868C-5856717BEAF3}.Debug|Any CPU.Build.0 = Debug|Any CPU
		{726AC3E0-3AE4-4B9D-868C-5856717BEAF3}.Release|Any CPU.ActiveCfg = Release|Any CPU
		{726AC3E0-3AE4-4B9D-868C-5856717BEAF3}.Release|Any CPU.Build.0 = Release|Any CPU
		{40CF6FAE-0507-4F2E-BD31-D4211D7F964A}.Debug|Any CPU.ActiveCfg = Debug|Any CPU
		{40CF6FAE-0507-4F2E-BD31-D4211D7F964A}.Debug|Any CPU.Build.0 = Debug|Any CPU
		{40CF6FAE-0507-4F2E-BD31-D4211D7F964A}.Release|Any CPU.ActiveCfg = Release|Any CPU
		{40CF6FAE-0507-4F2E-BD31-D4211D7F964A}.Release|Any CPU.Build.0 = Release|Any CPU
		{28CE2B7E-3481-480F-93AD-06B5AB410942}.Debug|Any CPU.ActiveCfg = Debug|Any CPU
		{28CE2B7E-3481-480F-93AD-06B5AB410942}.Debug|Any CPU.Build.0 = Debug|Any CPU
		{28CE2B7E-3481-480F-93AD-06B5AB410942}.Release|Any CPU.ActiveCfg = Release|Any CPU
		{28CE2B7E-3481-480F-93AD-06B5AB410942}.Release|Any CPU.Build.0 = Release|Any CPU
		{AAB411EC-AB91-47B2-9BEB-EC7CA3361678}.Debug|Any CPU.ActiveCfg = Debug|Any CPU
		{AAB411EC-AB91-47B2-9BEB-EC7CA3361678}.Debug|Any CPU.Build.0 = Debug|Any CPU
		{AAB411EC-AB91-47B2-9BEB-EC7CA3361678}.Release|Any CPU.ActiveCfg = Release|Any CPU
		{AAB411EC-AB91-47B2-9BEB-EC7CA3361678}.Release|Any CPU.Build.0 = Release|Any CPU
	EndGlobalSection
	GlobalSection(SolutionProperties) = preSolution
		HideSolutionNode = FALSE
	EndGlobalSection
	GlobalSection(ExtensibilityGlobals) = postSolution
		SolutionGuid = {33D22F45-DFB6-4FEB-82F7-393D87929A8F}
	EndGlobalSection
EndGlobal
