
Microsoft Visual Studio Solution File, Format Version 12.00
# Visual Studio Version 17
VisualStudioVersion = 17.9.34622.214
MinimumVisualStudioVersion = 10.0.40219.1
Project("{9A19103F-16F7-4668-BE54-9A1E7A4F7556}") = "test111", "test111\test111.csproj", "{30956A8E-A536-44DC-8990-3A2498B2DFA4}"
EndProject
Project("{9A19103F-16F7-4668-BE54-9A1E7A4F7556}") = "string explosion", "string explosion\string explosion.csproj", "{96D5F77E-A986-479C-BAEF-2F5C9A855032}"
EndProject
Project("{9A19103F-16F7-4668-BE54-9A1E7A4F7556}") = "BullsAndCows", "BullsAndCows\BullsAndCows.csproj", "{40D0D7BF-04CC-45CB-B9F4-589B0A955BAC}"
EndProject
Project("{9A19103F-16F7-4668-BE54-9A1E7A4F7556}") = "BenchmarkOfMergeLIsts", "BenchmarkOfMergeLIsts\BenchmarkOfMergeLIsts.csproj", "{BC946EBC-F294-4C50-A4B5-28843BAB7C63}"
EndProject
Project("{FAE04EC0-301F-11D3-BF4B-00C04F79EFBC}") = "SB", "SB\SB.csproj", "{E5973921-DA7D-4D3E-AE0E-1E5CD9D6EFCC}"
EndProject
Global
	GlobalSection(SolutionConfigurationPlatforms) = preSolution
		Debug|Any CPU = Debug|Any CPU
		Release|Any CPU = Release|Any CPU
	EndGlobalSection
	GlobalSection(ProjectConfigurationPlatforms) = postSolution
		{30956A8E-A536-44DC-8990-3A2498B2DFA4}.Debug|Any CPU.ActiveCfg = Debug|Any CPU
		{30956A8E-A536-44DC-8990-3A2498B2DFA4}.Debug|Any CPU.Build.0 = Debug|Any CPU
		{30956A8E-A536-44DC-8990-3A2498B2DFA4}.Release|Any CPU.ActiveCfg = Release|Any CPU
		{30956A8E-A536-44DC-8990-3A2498B2DFA4}.Release|Any CPU.Build.0 = Release|Any CPU
		{96D5F77E-A986-479C-BAEF-2F5C9A855032}.Debug|Any CPU.ActiveCfg = Debug|Any CPU
		{96D5F77E-A986-479C-BAEF-2F5C9A855032}.Debug|Any CPU.Build.0 = Debug|Any CPU
		{96D5F77E-A986-479C-BAEF-2F5C9A855032}.Release|Any CPU.ActiveCfg = Release|Any CPU
		{96D5F77E-A986-479C-BAEF-2F5C9A855032}.Release|Any CPU.Build.0 = Release|Any CPU
		{40D0D7BF-04CC-45CB-B9F4-589B0A955BAC}.Debug|Any CPU.ActiveCfg = Debug|Any CPU
		{40D0D7BF-04CC-45CB-B9F4-589B0A955BAC}.Debug|Any CPU.Build.0 = Debug|Any CPU
		{40D0D7BF-04CC-45CB-B9F4-589B0A955BAC}.Release|Any CPU.ActiveCfg = Release|Any CPU
		{40D0D7BF-04CC-45CB-B9F4-589B0A955BAC}.Release|Any CPU.Build.0 = Release|Any CPU
		{BC946EBC-F294-4C50-A4B5-28843BAB7C63}.Debug|Any CPU.ActiveCfg = Debug|Any CPU
		{BC946EBC-F294-4C50-A4B5-28843BAB7C63}.Debug|Any CPU.Build.0 = Debug|Any CPU
		{BC946EBC-F294-4C50-A4B5-28843BAB7C63}.Release|Any CPU.ActiveCfg = Release|Any CPU
		{BC946EBC-F294-4C50-A4B5-28843BAB7C63}.Release|Any CPU.Build.0 = Release|Any CPU
		{E5973921-DA7D-4D3E-AE0E-1E5CD9D6EFCC}.Debug|Any CPU.ActiveCfg = Debug|Any CPU
		{E5973921-DA7D-4D3E-AE0E-1E5CD9D6EFCC}.Debug|Any CPU.Build.0 = Debug|Any CPU
		{E5973921-DA7D-4D3E-AE0E-1E5CD9D6EFCC}.Release|Any CPU.ActiveCfg = Release|Any CPU
		{E5973921-DA7D-4D3E-AE0E-1E5CD9D6EFCC}.Release|Any CPU.Build.0 = Release|Any CPU
	EndGlobalSection
	GlobalSection(SolutionProperties) = preSolution
		HideSolutionNode = FALSE
	EndGlobalSection
	GlobalSection(ExtensibilityGlobals) = postSolution
		SolutionGuid = {FD7330BF-46A0-44A1-B7A5-7E2888E83F18}
	EndGlobalSection
EndGlobal
