
Microsoft Visual Studio Solution File, Format Version 12.00
# Visual Studio Version 17
VisualStudioVersion = 17.9.34622.214
MinimumVisualStudioVersion = 10.0.40219.1
Project("{9A19103F-16F7-4668-BE54-9A1E7A4F7556}") = "01.PoolDay", "01.PoolDay\01.PoolDay.csproj", "{FD02129C-C1F9-4085-A3B3-EE4970A95484}"
EndProject
Project("{9A19103F-16F7-4668-BE54-9A1E7A4F7556}") = "02.FamilyTrip", "02.FamilyTrip\02.FamilyTrip.csproj", "{56B33E06-7665-4890-A0AD-96A41BD8140A}"
EndProject
Project("{9A19103F-16F7-4668-BE54-9A1E7A4F7556}") = "03.CoffeeMachine", "03.CoffeeMachine\03.CoffeeMachine.csproj", "{6383CE56-3049-4BCB-BE5B-31D60DBAA7AB}"
EndProject
Project("{9A19103F-16F7-4668-BE54-9A1E7A4F7556}") = "03.TravelAgency", "03.TravelAgency\03.TravelAgency.csproj", "{3AE353A3-C4DB-458C-8AE8-C9087C7BDA68}"
EndProject
Project("{9A19103F-16F7-4668-BE54-9A1E7A4F7556}") = "04.Club", "04.Club\04.Club.csproj", "{48CF65BC-271D-4A4A-B055-D56502A387B8}"
EndProject
Project("{9A19103F-16F7-4668-BE54-9A1E7A4F7556}") = "04.Renovation", "04.Renovation\04.Renovation.csproj", "{B7145985-FE01-4F3A-88E0-2D7A9F9B8917}"
EndProject
Project("{9A19103F-16F7-4668-BE54-9A1E7A4F7556}") = "05.PcGameShop", "05.PcGameShop\05.PcGameShop.csproj", "{9CF74700-4FB0-4BEF-92E0-A2422FEBEF57}"
EndProject
Project("{9A19103F-16F7-4668-BE54-9A1E7A4F7556}") = "05.FootballTournament", "05.FootballTournament\05.FootballTournament.csproj", "{0EA297B2-B9B9-49C5-9F10-6040AD438296}"
EndProject
Project("{FAE04EC0-301F-11D3-BF4B-00C04F79EFBC}") = "06.NameGame", "06.NameGame\06.NameGame.csproj", "{83EB92B6-D9E2-480F-A6EA-963DF149B838}"
EndProject
Project("{FAE04EC0-301F-11D3-BF4B-00C04F79EFBC}") = "06.TheMostPowerfulWord", "06.TheMostPowerfulWord\06.TheMostPowerfulWord.csproj", "{A635E8F6-73AA-419F-A240-23C6D6B808DD}"
EndProject
Global
	GlobalSection(SolutionConfigurationPlatforms) = preSolution
		Debug|Any CPU = Debug|Any CPU
		Release|Any CPU = Release|Any CPU
	EndGlobalSection
	GlobalSection(ProjectConfigurationPlatforms) = postSolution
		{FD02129C-C1F9-4085-A3B3-EE4970A95484}.Debug|Any CPU.ActiveCfg = Debug|Any CPU
		{FD02129C-C1F9-4085-A3B3-EE4970A95484}.Debug|Any CPU.Build.0 = Debug|Any CPU
		{FD02129C-C1F9-4085-A3B3-EE4970A95484}.Release|Any CPU.ActiveCfg = Release|Any CPU
		{FD02129C-C1F9-4085-A3B3-EE4970A95484}.Release|Any CPU.Build.0 = Release|Any CPU
		{56B33E06-7665-4890-A0AD-96A41BD8140A}.Debug|Any CPU.ActiveCfg = Debug|Any CPU
		{56B33E06-7665-4890-A0AD-96A41BD8140A}.Debug|Any CPU.Build.0 = Debug|Any CPU
		{56B33E06-7665-4890-A0AD-96A41BD8140A}.Release|Any CPU.ActiveCfg = Release|Any CPU
		{56B33E06-7665-4890-A0AD-96A41BD8140A}.Release|Any CPU.Build.0 = Release|Any CPU
		{6383CE56-3049-4BCB-BE5B-31D60DBAA7AB}.Debug|Any CPU.ActiveCfg = Debug|Any CPU
		{6383CE56-3049-4BCB-BE5B-31D60DBAA7AB}.Debug|Any CPU.Build.0 = Debug|Any CPU
		{6383CE56-3049-4BCB-BE5B-31D60DBAA7AB}.Release|Any CPU.ActiveCfg = Release|Any CPU
		{6383CE56-3049-4BCB-BE5B-31D60DBAA7AB}.Release|Any CPU.Build.0 = Release|Any CPU
		{3AE353A3-C4DB-458C-8AE8-C9087C7BDA68}.Debug|Any CPU.ActiveCfg = Debug|Any CPU
		{3AE353A3-C4DB-458C-8AE8-C9087C7BDA68}.Debug|Any CPU.Build.0 = Debug|Any CPU
		{3AE353A3-C4DB-458C-8AE8-C9087C7BDA68}.Release|Any CPU.ActiveCfg = Release|Any CPU
		{3AE353A3-C4DB-458C-8AE8-C9087C7BDA68}.Release|Any CPU.Build.0 = Release|Any CPU
		{48CF65BC-271D-4A4A-B055-D56502A387B8}.Debug|Any CPU.ActiveCfg = Debug|Any CPU
		{48CF65BC-271D-4A4A-B055-D56502A387B8}.Debug|Any CPU.Build.0 = Debug|Any CPU
		{48CF65BC-271D-4A4A-B055-D56502A387B8}.Release|Any CPU.ActiveCfg = Release|Any CPU
		{48CF65BC-271D-4A4A-B055-D56502A387B8}.Release|Any CPU.Build.0 = Release|Any CPU
		{B7145985-FE01-4F3A-88E0-2D7A9F9B8917}.Debug|Any CPU.ActiveCfg = Debug|Any CPU
		{B7145985-FE01-4F3A-88E0-2D7A9F9B8917}.Debug|Any CPU.Build.0 = Debug|Any CPU
		{B7145985-FE01-4F3A-88E0-2D7A9F9B8917}.Release|Any CPU.ActiveCfg = Release|Any CPU
		{B7145985-FE01-4F3A-88E0-2D7A9F9B8917}.Release|Any CPU.Build.0 = Release|Any CPU
		{9CF74700-4FB0-4BEF-92E0-A2422FEBEF57}.Debug|Any CPU.ActiveCfg = Debug|Any CPU
		{9CF74700-4FB0-4BEF-92E0-A2422FEBEF57}.Debug|Any CPU.Build.0 = Debug|Any CPU
		{9CF74700-4FB0-4BEF-92E0-A2422FEBEF57}.Release|Any CPU.ActiveCfg = Release|Any CPU
		{9CF74700-4FB0-4BEF-92E0-A2422FEBEF57}.Release|Any CPU.Build.0 = Release|Any CPU
		{0EA297B2-B9B9-49C5-9F10-6040AD438296}.Debug|Any CPU.ActiveCfg = Debug|Any CPU
		{0EA297B2-B9B9-49C5-9F10-6040AD438296}.Debug|Any CPU.Build.0 = Debug|Any CPU
		{0EA297B2-B9B9-49C5-9F10-6040AD438296}.Release|Any CPU.ActiveCfg = Release|Any CPU
		{0EA297B2-B9B9-49C5-9F10-6040AD438296}.Release|Any CPU.Build.0 = Release|Any CPU
		{83EB92B6-D9E2-480F-A6EA-963DF149B838}.Debug|Any CPU.ActiveCfg = Debug|Any CPU
		{83EB92B6-D9E2-480F-A6EA-963DF149B838}.Debug|Any CPU.Build.0 = Debug|Any CPU
		{83EB92B6-D9E2-480F-A6EA-963DF149B838}.Release|Any CPU.ActiveCfg = Release|Any CPU
		{83EB92B6-D9E2-480F-A6EA-963DF149B838}.Release|Any CPU.Build.0 = Release|Any CPU
		{A635E8F6-73AA-419F-A240-23C6D6B808DD}.Debug|Any CPU.ActiveCfg = Debug|Any CPU
		{A635E8F6-73AA-419F-A240-23C6D6B808DD}.Debug|Any CPU.Build.0 = Debug|Any CPU
		{A635E8F6-73AA-419F-A240-23C6D6B808DD}.Release|Any CPU.ActiveCfg = Release|Any CPU
		{A635E8F6-73AA-419F-A240-23C6D6B808DD}.Release|Any CPU.Build.0 = Release|Any CPU
	EndGlobalSection
	GlobalSection(SolutionProperties) = preSolution
		HideSolutionNode = FALSE
	EndGlobalSection
	GlobalSection(ExtensibilityGlobals) = postSolution
		SolutionGuid = {FE7AC073-9A49-4751-8A0F-A8A54CB4916E}
	EndGlobalSection
EndGlobal
