
Microsoft Visual Studio Solution File, Format Version 12.00
# Visual Studio Version 17
VisualStudioVersion = 17.9.34622.214
MinimumVisualStudioVersion = 10.0.40219.1
Project("{9A19103F-16F7-4668-BE54-9A1E7A4F7556}") = "01.Dishwasher", "01.Dishwasher\01.Dishwasher.csproj", "{94153979-7DBD-48A6-8075-9EC5FF080AB2}"
EndProject
Project("{9A19103F-16F7-4668-BE54-9A1E7A4F7556}") = "02.Repor System", "02.Repor System\02.Repor System.csproj", "{C9B02228-8C4D-4948-A95D-F6ACF61416B5}"
EndProject
Project("{FAE04EC0-301F-11D3-BF4B-00C04F79EFBC}") = "03.StreamOfLetters", "03.StreamOfLetters\03.StreamOfLetters.csproj", "{9870CB01-B76B-421B-8317-56C102B53252}"
EndProject
Project("{FAE04EC0-301F-11D3-BF4B-00C04F79EFBC}") = "04.NumbersDividedBy3WithoutReminder", "04.NumbersDividedBy3WithoutReminder\04.NumbersDividedBy3WithoutReminder.csproj", "{F45EF3B4-1E89-4454-9FB9-5024D6B344BF}"
EndProject
Project("{FAE04EC0-301F-11D3-BF4B-00C04F79EFBC}") = "05.AverageNumber", "05.AverageNumber\05.AverageNumber.csproj", "{2F5269A6-E93A-481C-A7F8-40A5C0125E42}"
EndProject
Global
	GlobalSection(SolutionConfigurationPlatforms) = preSolution
		Debug|Any CPU = Debug|Any CPU
		Release|Any CPU = Release|Any CPU
	EndGlobalSection
	GlobalSection(ProjectConfigurationPlatforms) = postSolution
		{94153979-7DBD-48A6-8075-9EC5FF080AB2}.Debug|Any CPU.ActiveCfg = Debug|Any CPU
		{94153979-7DBD-48A6-8075-9EC5FF080AB2}.Debug|Any CPU.Build.0 = Debug|Any CPU
		{94153979-7DBD-48A6-8075-9EC5FF080AB2}.Release|Any CPU.ActiveCfg = Release|Any CPU
		{94153979-7DBD-48A6-8075-9EC5FF080AB2}.Release|Any CPU.Build.0 = Release|Any CPU
		{C9B02228-8C4D-4948-A95D-F6ACF61416B5}.Debug|Any CPU.ActiveCfg = Debug|Any CPU
		{C9B02228-8C4D-4948-A95D-F6ACF61416B5}.Debug|Any CPU.Build.0 = Debug|Any CPU
		{C9B02228-8C4D-4948-A95D-F6ACF61416B5}.Release|Any CPU.ActiveCfg = Release|Any CPU
		{C9B02228-8C4D-4948-A95D-F6ACF61416B5}.Release|Any CPU.Build.0 = Release|Any CPU
		{9870CB01-B76B-421B-8317-56C102B53252}.Debug|Any CPU.ActiveCfg = Debug|Any CPU
		{9870CB01-B76B-421B-8317-56C102B53252}.Debug|Any CPU.Build.0 = Debug|Any CPU
		{9870CB01-B76B-421B-8317-56C102B53252}.Release|Any CPU.ActiveCfg = Release|Any CPU
		{9870CB01-B76B-421B-8317-56C102B53252}.Release|Any CPU.Build.0 = Release|Any CPU
		{F45EF3B4-1E89-4454-9FB9-5024D6B344BF}.Debug|Any CPU.ActiveCfg = Debug|Any CPU
		{F45EF3B4-1E89-4454-9FB9-5024D6B344BF}.Debug|Any CPU.Build.0 = Debug|Any CPU
		{F45EF3B4-1E89-4454-9FB9-5024D6B344BF}.Release|Any CPU.ActiveCfg = Release|Any CPU
		{F45EF3B4-1E89-4454-9FB9-5024D6B344BF}.Release|Any CPU.Build.0 = Release|Any CPU
		{2F5269A6-E93A-481C-A7F8-40A5C0125E42}.Debug|Any CPU.ActiveCfg = Debug|Any CPU
		{2F5269A6-E93A-481C-A7F8-40A5C0125E42}.Debug|Any CPU.Build.0 = Debug|Any CPU
		{2F5269A6-E93A-481C-A7F8-40A5C0125E42}.Release|Any CPU.ActiveCfg = Release|Any CPU
		{2F5269A6-E93A-481C-A7F8-40A5C0125E42}.Release|Any CPU.Build.0 = Release|Any CPU
	EndGlobalSection
	GlobalSection(SolutionProperties) = preSolution
		HideSolutionNode = FALSE
	EndGlobalSection
	GlobalSection(ExtensibilityGlobals) = postSolution
		SolutionGuid = {D17721C5-07DF-4E31-BB26-73B450017819}
	EndGlobalSection
EndGlobal
