
Microsoft Visual Studio Solution File, Format Version 12.00
# Visual Studio Version 17
VisualStudioVersion = 17.9.34622.214
MinimumVisualStudioVersion = 10.0.40219.1
Project("{9A19103F-16F7-4668-BE54-9A1E7A4F7556}") = "01.EasterLunch", "01.EasterLunch\01.EasterLunch.csproj", "{B3273346-FD90-478B-97F4-DAC4ACE7EB77}"
EndProject
Project("{9A19103F-16F7-4668-BE54-9A1E7A4F7556}") = "01.EasterBakery", "01.EasterBakery\01.EasterBakery.csproj", "{38476BB1-D873-496F-88A7-5A786190CA7C}"
EndProject
Project("{9A19103F-16F7-4668-BE54-9A1E7A4F7556}") = "02.EasterParty", "02.EasterParty\02.EasterParty.csproj", "{21EB0663-9C8E-4445-86D3-8C6ADEAE053A}"
EndProject
Project("{9A19103F-16F7-4668-BE54-9A1E7A4F7556}") = "02.EasterGuests", "02.EasterGuests\02.EasterGuests.csproj", "{1402F666-FA42-489A-A83D-566F7D43D6B8}"
EndProject
Project("{9A19103F-16F7-4668-BE54-9A1E7A4F7556}") = "03.EasterTrip", "03.EasterTrip\03.EasterTrip.csproj", "{68441401-B5C7-4A6C-811E-FB6A620692A5}"
EndProject
Project("{9A19103F-16F7-4668-BE54-9A1E7A4F7556}") = "03.PaintingEggs", "03.PaintingEggs\03.PaintingEggs.csproj", "{AFB46218-6411-4CAD-9389-AB6103118D1D}"
EndProject
Project("{9A19103F-16F7-4668-BE54-9A1E7A4F7556}") = "04.EasterEggsBattle", "04.EasterEggsBattle\04.EasterEggsBattle.csproj", "{13739637-BCD6-4C10-8CF3-8EF1B197AB7F}"
EndProject
Project("{9A19103F-16F7-4668-BE54-9A1E7A4F7556}") = "04.EasterShop", "04.EasterShop\04.EasterShop.csproj", "{8BAEA736-FAA2-4C01-80AF-CB331C7DEFFD}"
EndProject
Project("{9A19103F-16F7-4668-BE54-9A1E7A4F7556}") = "05.EasterEggs", "05.EasterEggs\05.EasterEggs.csproj", "{38E57ABB-2CE9-4C90-8F48-DFAA59D9AB77}"
EndProject
Project("{FAE04EC0-301F-11D3-BF4B-00C04F79EFBC}") = "05.EasterBake", "05.EasterBake\05.EasterBake.csproj", "{2ACF9D1D-B192-4D6B-9ED8-A54F67242F3E}"
EndProject
Project("{FAE04EC0-301F-11D3-BF4B-00C04F79EFBC}") = "06.EasterCompetition", "06.EasterCompetition\06.EasterCompetition.csproj", "{79ABE021-874E-4C9E-AF87-B93172C055E8}"
EndProject
Project("{FAE04EC0-301F-11D3-BF4B-00C04F79EFBC}") = "06.EasterDecoration", "06.EasterDecoration\06.EasterDecoration.csproj", "{65C1AD18-A7C7-4296-B3D4-CDF2D6471C3B}"
EndProject
Global
	GlobalSection(SolutionConfigurationPlatforms) = preSolution
		Debug|Any CPU = Debug|Any CPU
		Release|Any CPU = Release|Any CPU
	EndGlobalSection
	GlobalSection(ProjectConfigurationPlatforms) = postSolution
		{B3273346-FD90-478B-97F4-DAC4ACE7EB77}.Debug|Any CPU.ActiveCfg = Debug|Any CPU
		{B3273346-FD90-478B-97F4-DAC4ACE7EB77}.Debug|Any CPU.Build.0 = Debug|Any CPU
		{B3273346-FD90-478B-97F4-DAC4ACE7EB77}.Release|Any CPU.ActiveCfg = Release|Any CPU
		{B3273346-FD90-478B-97F4-DAC4ACE7EB77}.Release|Any CPU.Build.0 = Release|Any CPU
		{38476BB1-D873-496F-88A7-5A786190CA7C}.Debug|Any CPU.ActiveCfg = Debug|Any CPU
		{38476BB1-D873-496F-88A7-5A786190CA7C}.Debug|Any CPU.Build.0 = Debug|Any CPU
		{38476BB1-D873-496F-88A7-5A786190CA7C}.Release|Any CPU.ActiveCfg = Release|Any CPU
		{38476BB1-D873-496F-88A7-5A786190CA7C}.Release|Any CPU.Build.0 = Release|Any CPU
		{21EB0663-9C8E-4445-86D3-8C6ADEAE053A}.Debug|Any CPU.ActiveCfg = Debug|Any CPU
		{21EB0663-9C8E-4445-86D3-8C6ADEAE053A}.Debug|Any CPU.Build.0 = Debug|Any CPU
		{21EB0663-9C8E-4445-86D3-8C6ADEAE053A}.Release|Any CPU.ActiveCfg = Release|Any CPU
		{21EB0663-9C8E-4445-86D3-8C6ADEAE053A}.Release|Any CPU.Build.0 = Release|Any CPU
		{1402F666-FA42-489A-A83D-566F7D43D6B8}.Debug|Any CPU.ActiveCfg = Debug|Any CPU
		{1402F666-FA42-489A-A83D-566F7D43D6B8}.Debug|Any CPU.Build.0 = Debug|Any CPU
		{1402F666-FA42-489A-A83D-566F7D43D6B8}.Release|Any CPU.ActiveCfg = Release|Any CPU
		{1402F666-FA42-489A-A83D-566F7D43D6B8}.Release|Any CPU.Build.0 = Release|Any CPU
		{68441401-B5C7-4A6C-811E-FB6A620692A5}.Debug|Any CPU.ActiveCfg = Debug|Any CPU
		{68441401-B5C7-4A6C-811E-FB6A620692A5}.Debug|Any CPU.Build.0 = Debug|Any CPU
		{68441401-B5C7-4A6C-811E-FB6A620692A5}.Release|Any CPU.ActiveCfg = Release|Any CPU
		{68441401-B5C7-4A6C-811E-FB6A620692A5}.Release|Any CPU.Build.0 = Release|Any CPU
		{AFB46218-6411-4CAD-9389-AB6103118D1D}.Debug|Any CPU.ActiveCfg = Debug|Any CPU
		{AFB46218-6411-4CAD-9389-AB6103118D1D}.Debug|Any CPU.Build.0 = Debug|Any CPU
		{AFB46218-6411-4CAD-9389-AB6103118D1D}.Release|Any CPU.ActiveCfg = Release|Any CPU
		{AFB46218-6411-4CAD-9389-AB6103118D1D}.Release|Any CPU.Build.0 = Release|Any CPU
		{13739637-BCD6-4C10-8CF3-8EF1B197AB7F}.Debug|Any CPU.ActiveCfg = Debug|Any CPU
		{13739637-BCD6-4C10-8CF3-8EF1B197AB7F}.Debug|Any CPU.Build.0 = Debug|Any CPU
		{13739637-BCD6-4C10-8CF3-8EF1B197AB7F}.Release|Any CPU.ActiveCfg = Release|Any CPU
		{13739637-BCD6-4C10-8CF3-8EF1B197AB7F}.Release|Any CPU.Build.0 = Release|Any CPU
		{8BAEA736-FAA2-4C01-80AF-CB331C7DEFFD}.Debug|Any CPU.ActiveCfg = Debug|Any CPU
		{8BAEA736-FAA2-4C01-80AF-CB331C7DEFFD}.Debug|Any CPU.Build.0 = Debug|Any CPU
		{8BAEA736-FAA2-4C01-80AF-CB331C7DEFFD}.Release|Any CPU.ActiveCfg = Release|Any CPU
		{8BAEA736-FAA2-4C01-80AF-CB331C7DEFFD}.Release|Any CPU.Build.0 = Release|Any CPU
		{38E57ABB-2CE9-4C90-8F48-DFAA59D9AB77}.Debug|Any CPU.ActiveCfg = Debug|Any CPU
		{38E57ABB-2CE9-4C90-8F48-DFAA59D9AB77}.Debug|Any CPU.Build.0 = Debug|Any CPU
		{38E57ABB-2CE9-4C90-8F48-DFAA59D9AB77}.Release|Any CPU.ActiveCfg = Release|Any CPU
		{38E57ABB-2CE9-4C90-8F48-DFAA59D9AB77}.Release|Any CPU.Build.0 = Release|Any CPU
		{2ACF9D1D-B192-4D6B-9ED8-A54F67242F3E}.Debug|Any CPU.ActiveCfg = Debug|Any CPU
		{2ACF9D1D-B192-4D6B-9ED8-A54F67242F3E}.Debug|Any CPU.Build.0 = Debug|Any CPU
		{2ACF9D1D-B192-4D6B-9ED8-A54F67242F3E}.Release|Any CPU.ActiveCfg = Release|Any CPU
		{2ACF9D1D-B192-4D6B-9ED8-A54F67242F3E}.Release|Any CPU.Build.0 = Release|Any CPU
		{79ABE021-874E-4C9E-AF87-B93172C055E8}.Debug|Any CPU.ActiveCfg = Debug|Any CPU
		{79ABE021-874E-4C9E-AF87-B93172C055E8}.Debug|Any CPU.Build.0 = Debug|Any CPU
		{79ABE021-874E-4C9E-AF87-B93172C055E8}.Release|Any CPU.ActiveCfg = Release|Any CPU
		{79ABE021-874E-4C9E-AF87-B93172C055E8}.Release|Any CPU.Build.0 = Release|Any CPU
		{65C1AD18-A7C7-4296-B3D4-CDF2D6471C3B}.Debug|Any CPU.ActiveCfg = Debug|Any CPU
		{65C1AD18-A7C7-4296-B3D4-CDF2D6471C3B}.Debug|Any CPU.Build.0 = Debug|Any CPU
		{65C1AD18-A7C7-4296-B3D4-CDF2D6471C3B}.Release|Any CPU.ActiveCfg = Release|Any CPU
		{65C1AD18-A7C7-4296-B3D4-CDF2D6471C3B}.Release|Any CPU.Build.0 = Release|Any CPU
	EndGlobalSection
	GlobalSection(SolutionProperties) = preSolution
		HideSolutionNode = FALSE
	EndGlobalSection
	GlobalSection(ExtensibilityGlobals) = postSolution
		SolutionGuid = {03A88439-78DB-4C81-9C7F-4F204BAA3831}
	EndGlobalSection
EndGlobal
