
Microsoft Visual Studio Solution File, Format Version 12.00
# Visual Studio Version 17
VisualStudioVersion = 17.9.34622.214
MinimumVisualStudioVersion = 10.0.40219.1
Project("{FAE04EC0-301F-11D3-BF4B-00C04F79EFBC}") = "01.ReadText", "01.ReadText\01.ReadText.csproj", "{9F16A4A3-FE84-44A9-9BF7-95548053455F}"
EndProject
Project("{FAE04EC0-301F-11D3-BF4B-00C04F79EFBC}") = "02.Password", "02.Password\02.Password.csproj", "{CFC13E8B-A9F7-4756-8125-981F5D3DDBD2}"
EndProject
Project("{FAE04EC0-301F-11D3-BF4B-00C04F79EFBC}") = "03.SumNumbers", "03.SumNumbers\03.SumNumbers.csproj", "{F26B7BCE-A1F4-4FFD-8BCD-57D87A18C64E}"
EndProject
Project("{FAE04EC0-301F-11D3-BF4B-00C04F79EFBC}") = "04.Sequence2k+1", "04.Sequence2k+1\04.Sequence2k+1.csproj", "{097F7EF7-4A96-40A2-B20F-AE539F8C963C}"
EndProject
Project("{FAE04EC0-301F-11D3-BF4B-00C04F79EFBC}") = "05.AccountBalance", "05.AccountBalance\05.AccountBalance.csproj", "{A845267C-BBE7-49AD-83A3-934E187CE599}"
EndProject
Project("{FAE04EC0-301F-11D3-BF4B-00C04F79EFBC}") = "06.MaxNumber", "06.MaxNumber\06.MaxNumber.csproj", "{F18009B3-1E87-4610-81F5-095F41BDD215}"
EndProject
Project("{FAE04EC0-301F-11D3-BF4B-00C04F79EFBC}") = "07.MinNumber", "07.MinNumber\07.MinNumber.csproj", "{2E3C8C9D-3AAF-499E-A43D-3DD420F7EE6B}"
EndProject
Project("{FAE04EC0-301F-11D3-BF4B-00C04F79EFBC}") = "08.Graduation", "08.Graduation\08.Graduation.csproj", "{5439B1DB-1B81-43A0-905B-427B7A6CA3C1}"
EndProject
Global
	GlobalSection(SolutionConfigurationPlatforms) = preSolution
		Debug|Any CPU = Debug|Any CPU
		Release|Any CPU = Release|Any CPU
	EndGlobalSection
	GlobalSection(ProjectConfigurationPlatforms) = postSolution
		{9F16A4A3-FE84-44A9-9BF7-95548053455F}.Debug|Any CPU.ActiveCfg = Debug|Any CPU
		{9F16A4A3-FE84-44A9-9BF7-95548053455F}.Debug|Any CPU.Build.0 = Debug|Any CPU
		{9F16A4A3-FE84-44A9-9BF7-95548053455F}.Release|Any CPU.ActiveCfg = Release|Any CPU
		{9F16A4A3-FE84-44A9-9BF7-95548053455F}.Release|Any CPU.Build.0 = Release|Any CPU
		{CFC13E8B-A9F7-4756-8125-981F5D3DDBD2}.Debug|Any CPU.ActiveCfg = Debug|Any CPU
		{CFC13E8B-A9F7-4756-8125-981F5D3DDBD2}.Debug|Any CPU.Build.0 = Debug|Any CPU
		{CFC13E8B-A9F7-4756-8125-981F5D3DDBD2}.Release|Any CPU.ActiveCfg = Release|Any CPU
		{CFC13E8B-A9F7-4756-8125-981F5D3DDBD2}.Release|Any CPU.Build.0 = Release|Any CPU
		{F26B7BCE-A1F4-4FFD-8BCD-57D87A18C64E}.Debug|Any CPU.ActiveCfg = Debug|Any CPU
		{F26B7BCE-A1F4-4FFD-8BCD-57D87A18C64E}.Debug|Any CPU.Build.0 = Debug|Any CPU
		{F26B7BCE-A1F4-4FFD-8BCD-57D87A18C64E}.Release|Any CPU.ActiveCfg = Release|Any CPU
		{F26B7BCE-A1F4-4FFD-8BCD-57D87A18C64E}.Release|Any CPU.Build.0 = Release|Any CPU
		{097F7EF7-4A96-40A2-B20F-AE539F8C963C}.Debug|Any CPU.ActiveCfg = Debug|Any CPU
		{097F7EF7-4A96-40A2-B20F-AE539F8C963C}.Debug|Any CPU.Build.0 = Debug|Any CPU
		{097F7EF7-4A96-40A2-B20F-AE539F8C963C}.Release|Any CPU.ActiveCfg = Release|Any CPU
		{097F7EF7-4A96-40A2-B20F-AE539F8C963C}.Release|Any CPU.Build.0 = Release|Any CPU
		{A845267C-BBE7-49AD-83A3-934E187CE599}.Debug|Any CPU.ActiveCfg = Debug|Any CPU
		{A845267C-BBE7-49AD-83A3-934E187CE599}.Debug|Any CPU.Build.0 = Debug|Any CPU
		{A845267C-BBE7-49AD-83A3-934E187CE599}.Release|Any CPU.ActiveCfg = Release|Any CPU
		{A845267C-BBE7-49AD-83A3-934E187CE599}.Release|Any CPU.Build.0 = Release|Any CPU
		{F18009B3-1E87-4610-81F5-095F41BDD215}.Debug|Any CPU.ActiveCfg = Debug|Any CPU
		{F18009B3-1E87-4610-81F5-095F41BDD215}.Debug|Any CPU.Build.0 = Debug|Any CPU
		{F18009B3-1E87-4610-81F5-095F41BDD215}.Release|Any CPU.ActiveCfg = Release|Any CPU
		{F18009B3-1E87-4610-81F5-095F41BDD215}.Release|Any CPU.Build.0 = Release|Any CPU
		{2E3C8C9D-3AAF-499E-A43D-3DD420F7EE6B}.Debug|Any CPU.ActiveCfg = Debug|Any CPU
		{2E3C8C9D-3AAF-499E-A43D-3DD420F7EE6B}.Debug|Any CPU.Build.0 = Debug|Any CPU
		{2E3C8C9D-3AAF-499E-A43D-3DD420F7EE6B}.Release|Any CPU.ActiveCfg = Release|Any CPU
		{2E3C8C9D-3AAF-499E-A43D-3DD420F7EE6B}.Release|Any CPU.Build.0 = Release|Any CPU
		{5439B1DB-1B81-43A0-905B-427B7A6CA3C1}.Debug|Any CPU.ActiveCfg = Debug|Any CPU
		{5439B1DB-1B81-43A0-905B-427B7A6CA3C1}.Debug|Any CPU.Build.0 = Debug|Any CPU
		{5439B1DB-1B81-43A0-905B-427B7A6CA3C1}.Release|Any CPU.ActiveCfg = Release|Any CPU
		{5439B1DB-1B81-43A0-905B-427B7A6CA3C1}.Release|Any CPU.Build.0 = Release|Any CPU
	EndGlobalSection
	GlobalSection(SolutionProperties) = preSolution
		HideSolutionNode = FALSE
	EndGlobalSection
	GlobalSection(ExtensibilityGlobals) = postSolution
		SolutionGuid = {1B92E7E3-6CEA-4406-9048-977BC6A7B0FC}
	EndGlobalSection
EndGlobal
